
Microsoft Visual Studio Solution File, Format Version 12.00
# Visual Studio Version 17
VisualStudioVersion = 17.7.34003.232
MinimumVisualStudioVersion = 10.0.40219.1
Project("{FAE04EC0-301F-11D3-BF4B-00C04F79EFBC}") = "Azure", "Azure.csproj", "{295DFB85-E425-4EFA-A83E-89F303005F3D}"
EndProject
Global
	GlobalSection(SolutionConfigurationPlatforms) = preSolution
		Debug|Any CPU = Debug|Any CPU
		Release|Any CPU = Release|Any CPU
	EndGlobalSection
	GlobalSection(ProjectConfigurationPlatforms) = postSolution
		{295DFB85-E425-4EFA-A83E-89F303005F3D}.Debug|Any CPU.ActiveCfg = Debug|Any CPU
		{295DFB85-E425-4EFA-A83E-89F303005F3D}.Debug|Any CPU.Build.0 = Debug|Any CPU
		{295DFB85-E425-4EFA-A83E-89F303005F3D}.Release|Any CPU.ActiveCfg = Release|Any CPU
		{295DFB85-E425-4EFA-A83E-89F303005F3D}.Release|Any CPU.Build.0 = Release|Any CPU
	EndGlobalSection
	GlobalSection(SolutionProperties) = preSolution
		HideSolutionNode = FALSE
	EndGlobalSection
	GlobalSection(ExtensibilityGlobals) = postSolution
		SolutionGuid = {39CEDC51-DBC5-4C9D-9ACE-6A0A67C78EB8}
	EndGlobalSection
EndGlobal
